{
  "name": "vercel-test",
  "version": "1.0.0",
  "lockfileVersion": 3,
  "requires": true,
  "packages": {
    "": {
      "name": "vercel-test",
      "version": "1.0.0",
      "license": "ISC",
      "dependencies": {
        "@vercel/edge": "^1.2.1"
      }
    },
    "node_modules/@vercel/edge": {
      "version": "1.2.1",
      "resolved": "https://registry.npmjs.org/@vercel/edge/-/edge-1.2.1.tgz",
      "integrity": "sha512-1++yncEyIAi68D3UEOlytYb1IUcIulMWdoSzX2h9LuSeeyR7JtaIgR8DcTQ6+DmYOQn+5MCh6LY+UmK6QBByNA=="
    }
  }
}
